
Microsoft Visual Studio Solution File, Format Version 12.00
# Visual Studio Version 17
VisualStudioVersion = 17.7.34009.444
MinimumVisualStudioVersion = 10.0.40219.1
Project("{FAE04EC0-301F-11D3-BF4B-00C04F79EFBC}") = "ResetRPG", "ResetRPG.csproj", "{C843761E-4B4E-4809-99C9-79E12B6AF5F0}"
EndProject
Global
	GlobalSection(SolutionConfigurationPlatforms) = preSolution
		Debug|Any CPU = Debug|Any CPU
		Release|Any CPU = Release|Any CPU
	EndGlobalSection
	GlobalSection(ProjectConfigurationPlatforms) = postSolution
		{C843761E-4B4E-4809-99C9-79E12B6AF5F0}.Debug|Any CPU.ActiveCfg = Debug|Any CPU
		{C843761E-4B4E-4809-99C9-79E12B6AF5F0}.Debug|Any CPU.Build.0 = Debug|Any CPU
		{C843761E-4B4E-4809-99C9-79E12B6AF5F0}.Release|Any CPU.ActiveCfg = Release|Any CPU
		{C843761E-4B4E-4809-99C9-79E12B6AF5F0}.Release|Any CPU.Build.0 = Release|Any CPU
	EndGlobalSection
	GlobalSection(SolutionProperties) = preSolution
		HideSolutionNode = FALSE
	EndGlobalSection
	GlobalSection(ExtensibilityGlobals) = postSolution
		SolutionGuid = {5EB04FD4-B37C-43A2-9160-6ECBE103CD9C}
	EndGlobalSection
EndGlobal
